// !$*UTF8*$!
{
	archiveVersion = 1;
	classes = {
	};
	objectVersion = 50;
	objects = {

/* Begin PBXBuildFile section */
		FB677CC922B71E49000960F8 /* UIKit.swift in Sources */ = {isa = PBXBuildFile; fileRef = FB677CC822B71E49000960F8 /* UIKit.swift */; };
		FB677CCB22B71E6B000960F8 /* UIcolor.swift in Sources */ = {isa = PBXBuildFile; fileRef = FB677CCA22B71E6B000960F8 /* UIcolor.swift */; };
		FB677CCD22B73EBA000960F8 /* TableHeaderView.swift in Sources */ = {isa = PBXBuildFile; fileRef = FB677CCC22B73EBA000960F8 /* TableHeaderView.swift */; };
		FB677CCF22B77B1B000960F8 /* bottomBox.swift in Sources */ = {isa = PBXBuildFile; fileRef = FB677CCE22B77B1B000960F8 /* bottomBox.swift */; };
		FB80D8AD22B60B9300E8FE5F /* AppDelegate.swift in Sources */ = {isa = PBXBuildFile; fileRef = FB80D8AC22B60B9300E8FE5F /* AppDelegate.swift */; };
		FB80D8AF22B60B9300E8FE5F /* SceneDelegate.swift in Sources */ = {isa = PBXBuildFile; fileRef = FB80D8AE22B60B9300E8FE5F /* SceneDelegate.swift */; };
		FB80D8B122B60B9300E8FE5F /* ViewController.swift in Sources */ = {isa = PBXBuildFile; fileRef = FB80D8B022B60B9300E8FE5F /* ViewController.swift */; };
		FB80D8B422B60B9300E8FE5F /* Main.storyboard in Resources */ = {isa = PBXBuildFile; fileRef = FB80D8B222B60B9300E8FE5F /* Main.storyboard */; };
		FB80D8B622B60B9600E8FE5F /* Assets.xcassets in Resources */ = {isa = PBXBuildFile; fileRef = FB80D8B522B60B9600E8FE5F /* Assets.xcassets */; };
		FB80D8B922B60B9600E8FE5F /* LaunchScreen.storyboard in Resources */ = {isa = PBXBuildFile; fileRef = FB80D8B722B60B9600E8FE5F /* LaunchScreen.storyboard */; };
/* End PBXBuildFile section */

/* Begin PBXFileReference section */
		FB677CC822B71E49000960F8 /* UIKit.swift */ = {isa = PBXFileReference; lastKnownFileType = sourcecode.swift; path = UIKit.swift; sourceTree = "<group>"; };
		FB677CCA22B71E6B000960F8 /* UIcolor.swift */ = {isa = PBXFileReference; lastKnownFileType = sourcecode.swift; path = UIcolor.swift; sourceTree = "<group>"; };
		FB677CCC22B73EBA000960F8 /* TableHeaderView.swift */ = {isa = PBXFileReference; lastKnownFileType = sourcecode.swift; path = TableHeaderView.swift; sourceTree = "<group>"; };
		FB677CCE22B77B1B000960F8 /* bottomBox.swift */ = {isa = PBXFileReference; lastKnownFileType = sourcecode.swift; path = bottomBox.swift; sourceTree = "<group>"; };
		FB80D8A922B60B9300E8FE5F /* swiftForever.app */ = {isa = PBXFileReference; explicitFileType = wrapper.application; includeInIndex = 0; path = swiftForever.app; sourceTree = BUILT_PRODUCTS_DIR; };
		FB80D8AC22B60B9300E8FE5F /* AppDelegate.swift */ = {isa = PBXFileReference; lastKnownFileType = sourcecode.swift; path = AppDelegate.swift; sourceTree = "<group>"; };
		FB80D8AE22B60B9300E8FE5F /* SceneDelegate.swift */ = {isa = PBXFileReference; lastKnownFileType = sourcecode.swift; path = SceneDelegate.swift; sourceTree = "<group>"; };
		FB80D8B022B60B9300E8FE5F /* ViewController.swift */ = {isa = PBXFileReference; lastKnownFileType = sourcecode.swift; path = ViewController.swift; sourceTree = "<group>"; };
		FB80D8B322B60B9300E8FE5F /* Base */ = {isa = PBXFileReference; lastKnownFileType = file.storyboard; name = Base; path = Base.lproj/Main.storyboard; sourceTree = "<group>"; };
		FB80D8B522B60B9600E8FE5F /* Assets.xcassets */ = {isa = PBXFileReference; lastKnownFileType = folder.assetcatalog; path = Assets.xcassets; sourceTree = "<group>"; };
		FB80D8B822B60B9600E8FE5F /* Base */ = {isa = PBXFileReference; lastKnownFileType = file.storyboard; name = Base; path = Base.lproj/LaunchScreen.storyboard; sourceTree = "<group>"; };
		FB80D8BA22B60B9600E8FE5F /* Info.plist */ = {isa = PBXFileReference; lastKnownFileType = text.plist.xml; path = Info.plist; sourceTree = "<group>"; };
/* End PBXFileReference section */

/* Begin PBXFrameworksBuildPhase section */
		FB80D8A622B60B9300E8FE5F /* Frameworks */ = {
			isa = PBXFrameworksBuildPhase;
			buildActionMask = 2147483647;
			files = (
			);
			runOnlyForDeploymentPostprocessing = 0;
		};
/* End PBXFrameworksBuildPhase section */

/* Begin PBXGroup section */
		FB02820122B6EBA400354F3D /* Controller */ = {
			isa = PBXGroup;
			children = (
			);
			path = Controller;
			sourceTree = "<group>";
		};
		FB02820322B6EBCE00354F3D /* Model */ = {
			isa = PBXGroup;
			children = (
			);
			path = Model;
			sourceTree = "<group>";
		};
		FB02820422B6EBEA00354F3D /* View */ = {
			isa = PBXGroup;
			children = (
				FB80D8B022B60B9300E8FE5F /* ViewController.swift */,
				FB677CCC22B73EBA000960F8 /* TableHeaderView.swift */,
				FB677CCE22B77B1B000960F8 /* bottomBox.swift */,
			);
			path = View;
			sourceTree = "<group>";
		};
		FB02820522B6EBF700354F3D /* Supporting Files */ = {
			isa = PBXGroup;
			children = (
				FB80D8AC22B60B9300E8FE5F /* AppDelegate.swift */,
				FB80D8AE22B60B9300E8FE5F /* SceneDelegate.swift */,
				FB80D8B522B60B9600E8FE5F /* Assets.xcassets */,
			);
			path = "Supporting Files";
			sourceTree = "<group>";
		};
		FB02820622B6EC0300354F3D /* Helper */ = {
			isa = PBXGroup;
			children = (
				FB677CC822B71E49000960F8 /* UIKit.swift */,
				FB677CCA22B71E6B000960F8 /* UIcolor.swift */,
			);
			path = Helper;
			sourceTree = "<group>";
		};
		FB80D8A022B60B9300E8FE5F = {
			isa = PBXGroup;
			children = (
				FB80D8AB22B60B9300E8FE5F /* swiftForever */,
				FB80D8AA22B60B9300E8FE5F /* Products */,
			);
			sourceTree = "<group>";
		};
		FB80D8AA22B60B9300E8FE5F /* Products */ = {
			isa = PBXGroup;
			children = (
				FB80D8A922B60B9300E8FE5F /* swiftForever.app */,
			);
			name = Products;
			sourceTree = "<group>";
		};
		FB80D8AB22B60B9300E8FE5F /* swiftForever */ = {
			isa = PBXGroup;
			children = (
				FB02820622B6EC0300354F3D /* Helper */,
				FB02820522B6EBF700354F3D /* Supporting Files */,
				FB02820422B6EBEA00354F3D /* View */,
				FB02820322B6EBCE00354F3D /* Model */,
				FB02820122B6EBA400354F3D /* Controller */,
				FB80D8B222B60B9300E8FE5F /* Main.storyboard */,
				FB80D8B722B60B9600E8FE5F /* LaunchScreen.storyboard */,
				FB80D8BA22B60B9600E8FE5F /* Info.plist */,
			);
			path = swiftForever;
			sourceTree = "<group>";
		};
/* End PBXGroup section */

/* Begin PBXNativeTarget section */
		FB80D8A822B60B9300E8FE5F /* swiftForever */ = {
			isa = PBXNativeTarget;
			buildConfigurationList = FB80D8BD22B60B9600E8FE5F /* Build configuration list for PBXNativeTarget "swiftForever" */;
			buildPhases = (
				FB80D8A522B60B9300E8FE5F /* Sources */,
				FB80D8A622B60B9300E8FE5F /* Frameworks */,
				FB80D8A722B60B9300E8FE5F /* Resources */,
			);
			buildRules = (
			);
			dependencies = (
			);
			name = swiftForever;
			productName = swiftForever;
			productReference = FB80D8A922B60B9300E8FE5F /* swiftForever.app */;
			productType = "com.apple.product-type.application";
		};
/* End PBXNativeTarget section */

/* Begin PBXProject section */
		FB80D8A122B60B9300E8FE5F /* Project object */ = {
			isa = PBXProject;
			attributes = {
				LastSwiftUpdateCheck = 1100;
				LastUpgradeCheck = 1100;
				ORGANIZATIONNAME = farukgozoglu;
				TargetAttributes = {
					FB80D8A822B60B9300E8FE5F = {
						CreatedOnToolsVersion = 11.0;
					};
				};
			};
			buildConfigurationList = FB80D8A422B60B9300E8FE5F /* Build configuration list for PBXProject "swiftForever" */;
			compatibilityVersion = "Xcode 9.3";
			developmentRegion = en;
			hasScannedForEncodings = 0;
			knownRegions = (
				en,
				Base,
			);
			mainGroup = FB80D8A022B60B9300E8FE5F;
			productRefGroup = FB80D8AA22B60B9300E8FE5F /* Products */;
			projectDirPath = "";
			projectRoot = "";
			targets = (
				FB80D8A822B60B9300E8FE5F /* swiftForever */,
			);
		};
/* End PBXProject section */

/* Begin PBXResourcesBuildPhase section */
		FB80D8A722B60B9300E8FE5F /* Resources */ = {
			isa = PBXResourcesBuildPhase;
			buildActionMask = 2147483647;
			files = (
				FB80D8B922B60B9600E8FE5F /* LaunchScreen.storyboard in Resources */,
				FB80D8B622B60B9600E8FE5F /* Assets.xcassets in Resources */,
				FB80D8B422B60B9300E8FE5F /* Main.storyboard in Resources */,
			);
			runOnlyForDeploymentPostprocessing = 0;
		};
/* End PBXResourcesBuildPhase section */

/* Begin PBXSourcesBuildPhase section */
		FB80D8A522B60B9300E8FE5F /* Sources */ = {
			isa = PBXSourcesBuildPhase;
			buildActionMask = 2147483647;
			files = (
				FB677CCD22B73EBA000960F8 /* TableHeaderView.swift in Sources */,
				FB677CC922B71E49000960F8 /* UIKit.swift in Sources */,
				FB677CCF22B77B1B000960F8 /* bottomBox.swift in Sources */,
				FB80D8B122B60B9300E8FE5F /* ViewController.swift in Sources */,
				FB80D8AD22B60B9300E8FE5F /* AppDelegate.swift in Sources */,
				FB80D8AF22B60B9300E8FE5F /* SceneDelegate.swift in Sources */,
				FB677CCB22B71E6B000960F8 /* UIcolor.swift in Sources */,
			);
			runOnlyForDeploymentPostprocessing = 0;
		};
/* End PBXSourcesBuildPhase section */

/* Begin PBXVariantGroup section */
		FB80D8B222B60B9300E8FE5F /* Main.storyboard */ = {
			isa = PBXVariantGroup;
			children = (
				FB80D8B322B60B9300E8FE5F /* Base */,
			);
			name = Main.storyboard;
			sourceTree = "<group>";
		};
		FB80D8B722B60B9600E8FE5F /* LaunchScreen.storyboard */ = {
			isa = PBXVariantGroup;
			children = (
				FB80D8B822B60B9600E8FE5F /* Base */,
			);
			name = LaunchScreen.storyboard;
			sourceTree = "<group>";
		};
/* End PBXVariantGroup section */

/* Begin XCBuildConfiguration section */
		FB80D8BB22B60B9600E8FE5F /* Debug */ = {
			isa = XCBuildConfiguration;
			buildSettings = {
				ALWAYS_SEARCH_USER_PATHS = NO;
				CLANG_ANALYZER_NONNULL = YES;
				CLANG_ANALYZER_NUMBER_OBJECT_CONVERSION = YES_AGGRESSIVE;
				CLANG_CXX_LANGUAGE_STANDARD = "gnu++14";
				CLANG_CXX_LIBRARY = "libc++";
				CLANG_ENABLE_MODULES = YES;
				CLANG_ENABLE_OBJC_ARC = YES;
				CLANG_ENABLE_OBJC_WEAK = YES;
				CLANG_WARN_BLOCK_CAPTURE_AUTORELEASING = YES;
				CLANG_WARN_BOOL_CONVERSION = YES;
				CLANG_WARN_COMMA = YES;
				CLANG_WARN_CONSTANT_CONVERSION = YES;
				CLANG_WARN_DEPRECATED_OBJC_IMPLEMENTATIONS = YES;
				CLANG_WARN_DIRECT_OBJC_ISA_USAGE = YES_ERROR;
				CLANG_WARN_DOCUMENTATION_COMMENTS = YES;
				CLANG_WARN_EMPTY_BODY = YES;
				CLANG_WARN_ENUM_CONVERSION = YES;
				CLANG_WARN_INFINITE_RECURSION = YES;
				CLANG_WARN_INT_CONVERSION = YES;
				CLANG_WARN_NON_LITERAL_NULL_CONVERSION = YES;
				CLANG_WARN_OBJC_IMPLICIT_RETAIN_SELF = YES;
				CLANG_WARN_OBJC_LITERAL_CONVERSION = YES;
				CLANG_WARN_OBJC_ROOT_CLASS = YES_ERROR;
				CLANG_WARN_RANGE_LOOP_ANALYSIS = YES;
				CLANG_WARN_STRICT_PROTOTYPES = YES;
				CLANG_WARN_SUSPICIOUS_MOVE = YES;
				CLANG_WARN_UNGUARDED_AVAILABILITY = YES_AGGRESSIVE;
				CLANG_WARN_UNREACHABLE_CODE = YES;
				CLANG_WARN__DUPLICATE_METHOD_MATCH = YES;
				COPY_PHASE_STRIP = NO;
				DEBUG_INFORMATION_FORMAT = dwarf;
				ENABLE_STRICT_OBJC_MSGSEND = YES;
				ENABLE_TESTABILITY = YES;
				GCC_C_LANGUAGE_STANDARD = gnu11;
				GCC_DYNAMIC_NO_PIC = NO;
				GCC_NO_COMMON_BLOCKS = YES;
				GCC_OPTIMIZATION_LEVEL = 0;
				GCC_PREPROCESSOR_DEFINITIONS = (
					"DEBUG=1",
					"$(inherited)",
				);
				GCC_WARN_64_TO_32_BIT_CONVERSION = YES;
				GCC_WARN_ABOUT_RETURN_TYPE = YES_ERROR;
				GCC_WARN_UNDECLARED_SELECTOR = YES;
				GCC_WARN_UNINITIALIZED_AUTOS = YES_AGGRESSIVE;
				GCC_WARN_UNUSED_FUNCTION = YES;
				GCC_WARN_UNUSED_VARIABLE = YES;
				IPHONEOS_DEPLOYMENT_TARGET = 13.0;
				MTL_ENABLE_DEBUG_INFO = INCLUDE_SOURCE;
				MTL_FAST_MATH = YES;
				ONLY_ACTIVE_ARCH = YES;
				SDKROOT = iphoneos;
				SWIFT_ACTIVE_COMPILATION_CONDITIONS = DEBUG;
				SWIFT_OPTIMIZATION_LEVEL = "-Onone";
			};
			name = Debug;
		};
		FB80D8BC22B60B9600E8FE5F /* Release */ = {
			isa = XCBuildConfiguration;
			buildSettings = {
				ALWAYS_SEARCH_USER_PATHS = NO;
				CLANG_ANALYZER_NONNULL = YES;
				CLANG_ANALYZER_NUMBER_OBJECT_CONVERSION = YES_AGGRESSIVE;
				CLANG_CXX_LANGUAGE_STANDARD = "gnu++14";
				CLANG_CXX_LIBRARY = "libc++";
				CLANG_ENABLE_MODULES = YES;
				CLANG_ENABLE_OBJC_ARC = YES;
				CLANG_ENABLE_OBJC_WEAK = YES;
				CLANG_WARN_BLOCK_CAPTURE_AUTORELEASING = YES;
				CLANG_WARN_BOOL_CONVERSION = YES;
				CLANG_WARN_COMMA = YES;
				CLANG_WARN_CONSTANT_CONVERSION = YES;
				CLANG_WARN_DEPRECATED_OBJC_IMPLEMENTATIONS = YES;
				CLANG_WARN_DIRECT_OBJC_ISA_USAGE = YES_ERROR;
				CLANG_WARN_DOCUMENTATION_COMMENTS = YES;
				CLANG_WARN_EMPTY_BODY = YES;
				CLANG_WARN_ENUM_CONVERSION = YES;
				CLANG_WARN_INFINITE_RECURSION = YES;
				CLANG_WARN_INT_CONVERSION = YES;
				CLANG_WARN_NON_LITERAL_NULL_CONVERSION = YES;
				CLANG_WARN_OBJC_IMPLICIT_RETAIN_SELF = YES;
				CLANG_WARN_OBJC_LITERAL_CONVERSION = YES;
				CLANG_WARN_OBJC_ROOT_CLASS = YES_ERROR;
				CLANG_WARN_RANGE_LOOP_ANALYSIS = YES;
				CLANG_WARN_STRICT_PROTOTYPES = YES;
				CLANG_WARN_SUSPICIOUS_MOVE = YES;
				CLANG_WARN_UNGUARDED_AVAILABILITY = YES_AGGRESSIVE;
				CLANG_WARN_UNREACHABLE_CODE = YES;
				CLANG_WARN__DUPLICATE_METHOD_MATCH = YES;
				COPY_PHASE_STRIP = NO;
				DEBUG_INFORMATION_FORMAT = "dwarf-with-dsym";
				ENABLE_NS_ASSERTIONS = NO;
				ENABLE_STRICT_OBJC_MSGSEND = YES;
				GCC_C_LANGUAGE_STANDARD = gnu11;
				GCC_NO_COMMON_BLOCKS = YES;
				GCC_WARN_64_TO_32_BIT_CONVERSION = YES;
				GCC_WARN_ABOUT_RETURN_TYPE = YES_ERROR;
				GCC_WARN_UNDECLARED_SELECTOR = YES;
				GCC_WARN_UNINITIALIZED_AUTOS = YES_AGGRESSIVE;
				GCC_WARN_UNUSED_FUNCTION = YES;
				GCC_WARN_UNUSED_VARIABLE = YES;
				IPHONEOS_DEPLOYMENT_TARGET = 13.0;
				MTL_ENABLE_DEBUG_INFO = NO;
				MTL_FAST_MATH = YES;
				SDKROOT = iphoneos;
				SWIFT_COMPILATION_MODE = wholemodule;
				SWIFT_OPTIMIZATION_LEVEL = "-O";
				VALIDATE_PRODUCT = YES;
			};
			name = Release;
		};
		FB80D8BE22B60B9600E8FE5F /* Debug */ = {
			isa = XCBuildConfiguration;
			buildSettings = {
				ASSETCATALOG_COMPILER_APPICON_NAME = AppIcon;
				CODE_SIGN_STYLE = Automatic;
				DEVELOPMENT_TEAM = 4WC7WG22KQ;
				INFOPLIST_FILE = swiftForever/Info.plist;
				LD_RUNPATH_SEARCH_PATHS = (
					"$(inherited)",
					"@executable_path/Frameworks",
				);
				PRODUCT_BUNDLE_IDENTIFIER = org.modernABC.swiftForever;
				PRODUCT_NAME = "$(TARGET_NAME)";
				SWIFT_VERSION = 4.2;
				TARGETED_DEVICE_FAMILY = "1,2";
			};
			name = Debug;
		};
		FB80D8BF22B60B9600E8FE5F /* Release */ = {
			isa = XCBuildConfiguration;
			buildSettings = {
				ASSETCATALOG_COMPILER_APPICON_NAME = AppIcon;
				CODE_SIGN_STYLE = Automatic;
				DEVELOPMENT_TEAM = 4WC7WG22KQ;
				INFOPLIST_FILE = swiftForever/Info.plist;
				LD_RUNPATH_SEARCH_PATHS = (
					"$(inherited)",
					"@executable_path/Frameworks",
				);
				PRODUCT_BUNDLE_IDENTIFIER = org.modernABC.swiftForever;
				PRODUCT_NAME = "$(TARGET_NAME)";
				SWIFT_VERSION = 4.2;
				TARGETED_DEVICE_FAMILY = "1,2";
			};
			name = Release;
		};
/* End XCBuildConfiguration section */

/* Begin XCConfigurationList section */
		FB80D8A422B60B9300E8FE5F /* Build configuration list for PBXProject "swiftForever" */ = {
			isa = XCConfigurationList;
			buildConfigurations = (
				FB80D8BB22B60B9600E8FE5F /* Debug */,
				FB80D8BC22B60B9600E8FE5F /* Release */,
			);
			defaultConfigurationIsVisible = 0;
			defaultConfigurationName = Release;
		};
		FB80D8BD22B60B9600E8FE5F /* Build configuration list for PBXNativeTarget "swiftForever" */ = {
			isa = XCConfigurationList;
			buildConfigurations = (
				FB80D8BE22B60B9600E8FE5F /* Debug */,
				FB80D8BF22B60B9600E8FE5F /* Release */,
			);
			defaultConfigurationIsVisible = 0;
			defaultConfigurationName = Release;
		};
/* End XCConfigurationList section */
	};
	rootObject = FB80D8A122B60B9300E8FE5F /* Project object */;
}
